# This file is autogenerated, do not edit; changes may be undone by the next 'dep ensure'.


[[projects]]
  branch = "master"
  digest = "1:ab875622908a804a327a95a1701002b150806a3c5406df51ec231eac16d3a1ca"
  name = "code.gitea.io/git"
  packages = ["."]
  pruneopts = "NUT"
  revision = "389d3c803e12a30dffcbb54a15c2242521bc4333"

[[projects]]
  branch = "master"
  digest = "1:8a559f110defa54f847a3efa2734297571d960b476699579f2008e4a37b62a1a"
  name = "code.gitea.io/sdk"
  packages = ["gitea"]
  pruneopts = "NUT"
  revision = "140e9fcba7583e1c6f22eb57676bb00794ef14a8"

[[projects]]
  name = "github.com/PuerkitoBio/goquery"
  packages = ["."]
  revision = "ed7d758e9a34ba1f55e8084e0d731448b46921a8"

[[projects]]
  name = "github.com/RoaringBitmap/roaring"
  packages = ["."]
  revision = "1a28a7fa985680f9f4e1644c0a857ec359a444b0"
  version = "v0.4.7"

[[projects]]
  branch = "master"
  name = "github.com/Smerity/govarint"
  packages = ["."]
  revision = "7265e41f48f15fd61751e16da866af3c704bb3ab"

[[projects]]
  branch = "master"
  name = "github.com/Unknwon/cae"
  packages = [
    ".",
    "zip"
  ]
  revision = "c6aac99ea2cae2ebaf23f26f76b04fe3fcfc9f8c"

[[projects]]
  branch = "master"
  name = "github.com/Unknwon/com"
  packages = ["."]
  revision = "7677a1d7c1137cd3dd5ba7a076d0c898a1ef4520"

[[projects]]
  branch = "master"
  name = "github.com/Unknwon/i18n"
  packages = ["."]
  revision = "b64d336589669d317928070e70ba0ae558f16633"

[[projects]]
  name = "github.com/Unknwon/paginater"
  packages = ["."]
  revision = "7748a72e01415173a27d79866b984328e7b0c12b"

[[projects]]
  name = "github.com/andybalholm/cascadia"
  packages = ["."]
  revision = "349dd0209470eabd9514242c688c403c0926d266"

[[projects]]
  branch = "master"
  digest = "1:707ebe952a8b3d00b343c01536c79c73771d100f63ec6babeaed5c79e2b8a8dd"
  name = "github.com/beorn7/perks"
  packages = ["quantile"]
  pruneopts = "NUT"
  revision = "3a771d992973f24aa725d07868b467d1ddfceafb"

[[projects]]
  digest = "1:c10f35be6200b09e26da267ca80f837315093ecaba27e7a223071380efb9dd32"
  name = "github.com/blevesearch/bleve"
  packages = [
    ".",
    "analysis",
    "analysis/analyzer/custom",
    "analysis/analyzer/standard",
    "analysis/datetime/flexible",
    "analysis/datetime/optional",
    "analysis/lang/en",
    "analysis/token/camelcase",
    "analysis/token/lowercase",
    "analysis/token/porter",
    "analysis/token/stop",
    "analysis/token/unicodenorm",
    "analysis/token/unique",
    "analysis/tokenizer/unicode",
    "document",
    "geo",
    "index",
    "index/scorch",
    "index/scorch/mergeplan",
    "index/scorch/segment",
    "index/scorch/segment/mem",
    "index/scorch/segment/zap",
    "index/store",
    "index/store/boltdb",
    "index/store/gtreap",
    "index/upsidedown",
    "mapping",
    "numeric",
    "registry",
    "search",
    "search/collector",
    "search/facet",
    "search/highlight",
    "search/highlight/format/html",
    "search/highlight/fragmenter/simple",
    "search/highlight/highlighter/html",
    "search/highlight/highlighter/simple",
    "search/query",
    "search/scorer",
    "search/searcher"
  ]
  pruneopts = "NUT"
  revision = "c74e08f039e56cef576e4336382b2a2d12d9e026"

[[projects]]
  branch = "master"
  name = "github.com/blevesearch/go-porterstemmer"
  packages = ["."]
  revision = "23a2c8e5cf1f380f27722c6d2ae8896431dc7d0e"

[[projects]]
  name = "github.com/blevesearch/segment"
  packages = ["."]
  revision = "db70c57796cc8c310613541dfade3dce627d09c7"

[[projects]]
  name = "github.com/boltdb/bolt"
  packages = ["."]
  revision = "ccd680d8c1a0179ac3d68f692b01e1a1589cbfc7"
  source = "github.com/go-gitea/bolt"

[[projects]]
  name = "github.com/boombuler/barcode"
  packages = [
    ".",
    "qr",
    "utils"
  ]
  revision = "fe0f26ff6d26693948ee8189aa064ee8c54141fa"

[[projects]]
  name = "github.com/bradfitz/gomemcache"
  packages = ["memcache"]
  revision = "fb1f79c6b65acda83063cbc69f6bba1522558bfc"

[[projects]]
  name = "github.com/chaseadamsio/goorgeous"
  packages = ["."]
  revision = "098da33fde5f9220736531b3cb26a2dec86a8367"

[[projects]]
  branch = "master"
  name = "github.com/couchbase/vellum"
  packages = [
    ".",
    "regexp",
    "utf8"
  ]
  revision = "eb6ae3743b3f300f2136f83ca78c08cc071edbd4"

[[projects]]
  name = "github.com/davecgh/go-spew"
  packages = ["spew"]
  revision = "346938d642f2ec3594ed81d874461961cd0faa76"
  version = "v1.1.0"

[[projects]]
  name = "github.com/denisenkom/go-mssqldb"
  packages = ["."]
  revision = "e32ca5036449b7ea12c62ed761ea1ad7fc88a4e2"

[[projects]]
  name = "github.com/dgrijalva/jwt-go"
  packages = ["."]
  revision = "9ed569b5d1ac936e6494082958d63a6aa4fff99a"

[[projects]]
  branch = "master"
  name = "github.com/edsrzf/mmap-go"
  packages = ["."]
  revision = "0bce6a6887123b67a60366d2c9fe2dfb74289d2e"

[[projects]]
  name = "github.com/elazarl/go-bindata-assetfs"
  packages = ["."]
  revision = "57eb5e1fc594ad4b0b1dbea7b286d299e0cb43c2"

[[projects]]
  digest = "1:b498b36dbb2b306d1c5205ee5236c9e60352be8f9eea9bf08186723a9f75b4f3"
  name = "github.com/emirpasic/gods"
  packages = [
    "containers",
    "lists",
    "lists/arraylist",
    "trees",
    "trees/binaryheap",
    "utils",
  ]
  pruneopts = "NUT"
  revision = "1615341f118ae12f353cc8a983f35b584342c9b3"
  version = "v1.12.0"

[[projects]]
  digest = "1:8603f74d35c93b37c615a02ba297be2cf2efc9ff6f1ff2b458a903990b568e48"
  name = "github.com/ethantkoenig/rupture"
  packages = ["."]
  revision = "0a76f03a811abcca2e6357329b673e9bb8ef9643"

[[projects]]
  branch = "master"
  name = "github.com/facebookgo/clock"
  packages = ["."]
  revision = "600d898af40aa09a7a93ecb9265d87b0504b6f03"

[[projects]]
  name = "github.com/facebookgo/grace"
  packages = [
    "gracehttp",
    "gracenet"
  ]
  revision = "5729e484473f52048578af1b80d0008c7024089b"

[[projects]]
  branch = "master"
  name = "github.com/facebookgo/httpdown"
  packages = ["."]
  revision = "a3b1354551a26449fbe05f5d855937f6e7acbd71"

[[projects]]
  branch = "master"
  name = "github.com/facebookgo/stats"
  packages = ["."]
  revision = "1b76add642e42c6ffba7211ad7b3939ce654526e"

[[projects]]
  branch = "master"
  name = "github.com/glycerine/go-unsnap-stream"
  packages = ["."]
  revision = "9f0cb55181dd3a0a4c168d3dbc72d4aca4853126"

[[projects]]
  branch = "master"
  name = "github.com/go-macaron/bindata"
  packages = ["."]
  revision = "85786f57eee3e5544a9cc24fa2afe425b97a8652"

[[projects]]
  name = "github.com/go-macaron/binding"
  packages = ["."]
  revision = "9440f336b443056c90d7d448a0a55ad8c7599880"

[[projects]]
  branch = "master"
  name = "github.com/go-macaron/cache"
  packages = [
    ".",
    "memcache",
    "redis"
  ]
  revision = "56173531277692bc2925924d51fda1cd0a6b8178"

[[projects]]
  name = "github.com/go-macaron/captcha"
  packages = ["."]
  revision = "8aa5919789ab301e865595eb4b1114d6b9847deb"

[[projects]]
  branch = "master"
  name = "github.com/go-macaron/csrf"
  packages = ["."]
  revision = "503617c6b37257a55dff6293ec28556506c3a9a8"

[[projects]]
  branch = "master"
  name = "github.com/go-macaron/gzip"
  packages = ["."]
  revision = "cad1c6580a07c56f5f6bc52d66002a05985c5854"

[[projects]]
  branch = "master"
  name = "github.com/go-macaron/i18n"
  packages = ["."]
  revision = "ef57533c3b0fc2d8581deda14937e52f11a203ab"

[[projects]]
  branch = "master"
  name = "github.com/go-macaron/inject"
  packages = ["."]
  revision = "d8a0b8677191f4380287cfebd08e462217bac7ad"

[[projects]]
  branch = "master"
  digest = "1:8fea5718d84af17762195beb6fe92a0d6c1048452a1dbc464d227f12e0cff0cc"
  name = "github.com/go-macaron/session"
  packages = [
    ".",
    "redis"
  ]
  pruneopts = "NUT"
  revision = "330e4e4d8beb7b00111ac34539561f46f94c4458"

[[projects]]

  digest = "1:758d2371fcdee6d02565901b348729053c636055e67ef6e17aa466c7ff6cc57c"
  name = "github.com/go-macaron/toolbox"
  packages = ["."]
  pruneopts = "NUT"
  revision = "a77f45a7ce909c0ff14b28279fa1a2b674acb70f"

[[projects]]
  digest = "1:dce58f88343bd78f4d32dd9601aab4fa5d9994fd2cafa185c51bbd858851cdf9"
  name = "github.com/go-sql-driver/mysql"
  packages = ["."]
  pruneopts = "NUT"
  revision = "c45f530f8e7fe40f4687eaa50d0c8c5f1b66f9e0"

[[projects]]
  digest = "1:06d21295033f211588d0ad7ff391cc1b27e72b60cb6d4b7db0d70cffae4cf228"
  name = "github.com/go-xorm/builder"
  packages = ["."]
  pruneopts = "NUT"
  revision = "03eb88feccce3e477c318ce7f6f1b386544ab20b"
  version = "v0.3.3"

[[projects]]
  name = "github.com/go-xorm/core"
  packages = ["."]
  revision = "c10e21e7e1cec20e09398f2dfae385e58c8df555"
  version = "v0.6.0"

[[projects]]
  digest = "1:f3015325cb2a17a6ff838358574921a343a0295059b7eb5bec07187131befc0b"
  name = "github.com/go-xorm/xorm"
  packages = ["."]
  pruneopts = "NUT"
  revision = "a6300f2a45e05a8f75f00a1d6188049fe7851915"

[[projects]]
  branch = "master"
  name = "github.com/gogits/chardet"
  packages = ["."]
  revision = "2404f777256163ea3eadb273dada5dcb037993c0"

[[projects]]
  name = "github.com/gogits/cron"
  packages = ["."]
  revision = "7f3990acf1833faa5ebd0e86f0a4c72a4b5eba3c"

[[projects]]
  digest = "1:97df918963298c287643883209a2c3f642e6593379f97ab400c2a2e219ab647d"
  name = "github.com/golang/protobuf"
  packages = ["proto"]
  pruneopts = "NUT"
  revision = "aa810b61a9c79d51363740d207bb46cf8e620ed5"
  version = "v1.2.0"

[[projects]]
  name = "github.com/golang/snappy"
  packages = ["."]
  revision = "5f1c01d9f64b941dd9582c638279d046eda6ca31"

[[projects]]
  name = "github.com/gorilla/context"
  packages = ["."]
  revision = "08b5f424b9271eedf6f9f0ce86cb9396ed337a42"
  version = "v1.1.1"

[[projects]]
  name = "github.com/gorilla/mux"
  packages = ["."]
  revision = "757bef944d0f21880861c2dd9c871ca543023cba"

[[projects]]
  name = "github.com/gorilla/securecookie"
  packages = ["."]
  revision = "e59506cc896acb7f7bf732d4fdf5e25f7ccd8983"
  version = "v1.1.1"

[[projects]]
  name = "github.com/gorilla/sessions"
  packages = ["."]
  revision = "ca9ada44574153444b00d3fd9c8559e4cc95f896"
  version = "v1.1"

[[projects]]
  name = "github.com/issue9/identicon"
  packages = ["."]
  revision = "d36b54562f4cf70c83653e13dc95c220c79ef521"

[[projects]]
  name = "github.com/jaytaylor/html2text"
  packages = ["."]
  revision = "8fb95d837f7d6db1913fecfd7bcc5333e6499596"

[[projects]]
  branch = "master"
  digest = "1:62fe3a7ea2050ecbd753a71889026f83d73329337ada66325cbafd5dea5f713d"
  name = "github.com/jbenet/go-context"
  packages = ["io"]
  pruneopts = "NUT"
  revision = "d14ea06fba99483203c19d92cfcd13ebe73135f4"

[[projects]]
  digest = "1:6342cf70eaae592f7b8e2552037f2a9d4d16fa321c6e36f09c3bc450add2de19"
  name = "github.com/kballard/go-shellquote"
  packages = ["."]
  revision = "cd60e84ee657ff3dc51de0b4f55dd299a3e136f2"

[[projects]]
  digest = "1:29e44e9481a689be0093a0033299b95741d394a97b28e0273c21afe697873a22"
  name = "github.com/kevinburke/ssh_config"
  packages = ["."]
  pruneopts = "NUT"
  revision = "81db2a75821ed34e682567d48be488a1c3121088"
  version = "0.5"

[[projects]]
  digest = "1:b32126992771fddadf6a778fe7ab29150665ed78f31ce4eb550a9db3bc0e650c"
  name = "github.com/keybase/go-crypto"
  packages = [
    "brainpool",
    "cast5",
    "curve25519",
    "ed25519",
    "ed25519/internal/edwards25519",
    "openpgp",
    "openpgp/armor",
    "openpgp/ecdh",
    "openpgp/elgamal",
    "openpgp/errors",
    "openpgp/packet",
    "openpgp/s2k",
    "rsa"
  ]
  revision = "00ac4db533f63ef97576cbc7b07939ff7daf7329"

[[projects]]
  name = "github.com/klauspost/compress"
  packages = [
    "flate",
    "gzip"
  ]
  revision = "8df558b6cb6f9b445f9586446cfe7223e7d8bd6b"
  version = "v1.1"

[[projects]]
  name = "github.com/klauspost/cpuid"
  packages = ["."]
  revision = "09cded8978dc9e80714c4d85b0322337b0a1e5e0"
  version = "v1.0"

[[projects]]
  name = "github.com/klauspost/crc32"
  packages = ["."]
  revision = "cb6bfca970f6908083f26f39a79009d608efd5cd"
  version = "v1.1"

[[projects]]
  name = "github.com/lafriks/xormstore"
  packages = [
    ".",
    "util"
  ]
  revision = "9cab149ea91875cf056211bd6ef82379fce9cb67"
  version = "v1.0.0"

[[projects]]
  name = "github.com/lib/pq"
  packages = [
    ".",
    "oid"
  ]
  revision = "456514e2defec52e0cd37f90ccf17ec8b28295e2"

[[projects]]
  branch = "master"
  name = "github.com/lunny/dingtalk_webhook"
  packages = ["."]
  revision = "e3534c89ef969912856dfa39e56b09e58c5f5daf"

[[projects]]
  digest = "1:aa7dcd6a0db70d514821f8739d0a22e7df33b499d8d399cf15b2858d44f8319e"
  name = "github.com/markbates/goth"
  packages = [
    ".",
    "gothic",
    "providers/bitbucket",
    "providers/discord",
    "providers/dropbox",
    "providers/facebook",
    "providers/github",
    "providers/gitlab",
    "providers/gplus",
    "providers/openidConnect",
    "providers/twitter"
  ]

  pruneopts = "NUT"
  revision = "157987f620ff2fc5e1f6a1427a3685219fbf6ff4"
  version = "v1.49.0"

[[projects]]
  digest = "1:c9724c929d27a14475a45b17a267dbc60671c0bc2c5c05ed21f011f7b5bc9fb5"
  name = "github.com/mattn/go-sqlite3"
  packages = ["."]
  pruneopts = "NUT"
  revision = "c7c4067b79cc51e6dfdcef5c702e74b1e0fa7c75"

[[projects]]
  digest = "1:5985ef4caf91ece5d54817c11ea25f182697534f8ae6521eadcd628c142ac4b6"
  name = "github.com/matttproud/golang_protobuf_extensions"
  packages = ["pbutil"]
  pruneopts = "NUT"
  revision = "c12348ce28de40eed0136aa2b644d0ee0650e56c"
  version = "v1.0.1"

[[projects]]
  branch = "master"
  name = "github.com/mcuadros/go-version"
  packages = ["."]
  revision = "88e56e02bea1c203c99222c365fa52a69996ccac"

[[projects]]
  name = "github.com/microcosm-cc/bluemonday"
  packages = ["."]
  revision = "f77f16ffc87a6a58814e64ae72d55f9c41374e6d"

[[projects]]
  digest = "1:a4df73029d2c42fabcb6b41e327d2f87e685284ec03edf76921c267d9cfc9c23"
  name = "github.com/mitchellh/go-homedir"
  packages = ["."]
  pruneopts = "NUT"
  revision = "ae18d6b8b3205b561c79e8e5f69bff09736185f4"
  version = "v1.0.0"

[[projects]]
  digest = "1:c7dc71a7e144df03332152d730f9c5ae22cf1cfd55454cb001ba8ffcb78aa7f0"
  name = "github.com/mrjones/oauth"
  packages = ["."]
  revision = "3f67d9c274355678b2f9844b08d643e2f9213340"

[[projects]]
  branch = "master"
  name = "github.com/mschoch/smat"
  packages = ["."]
  revision = "90eadee771aeab36e8bf796039b8c261bebebe4f"

[[projects]]
  name = "github.com/msteinert/pam"
  packages = ["."]
  revision = "02ccfbfaf0cc627aa3aec8ef7ed5cfeec5b43f63"

[[projects]]
  name = "github.com/nfnt/resize"
  packages = ["."]
  revision = "891127d8d1b52734debe1b3c3d7e747502b6c366"

[[projects]]
  digest = "1:cf254277d898b713195cc6b4a3fac8bf738b9f1121625df27843b52b267eec6c"
  name = "github.com/pelletier/go-buffruneio"
  packages = ["."]
  pruneopts = "NUT"
  revision = "c37440a7cf42ac63b919c752ca73a85067e05992"
  version = "v0.2.0"

[[projects]]
  digest = "1:44c66ad69563dbe3f8e76d7d6cad21a03626e53f1875b5ab163ded419e01ca7a"
  name = "github.com/philhofer/fwd"
  packages = ["."]
  revision = "bb6d471dc95d4fe11e432687f8b70ff496cf3136"
  version = "v1.0.0"

[[projects]]
  name = "github.com/pmezard/go-difflib"
  packages = ["difflib"]
  revision = "792786c7400a136282c1664665ae0a8db921c6c2"
  version = "v1.0.0"

[[projects]]
  name = "github.com/pquerna/otp"
  packages = [
    ".",
    "hotp",
    "totp"
  ]
  revision = "54653902c20e47f3417541d35435cb6d6162e28a"

[[projects]]
  digest = "1:aa2da1df3327c3a338bb42f978407c07de74cd0a5bef35e9411881dffd444214"
  name = "github.com/prometheus/client_golang"
  packages = [
    "prometheus",
    "prometheus/internal",
    "prometheus/promhttp",
  ]
  pruneopts = "NUT"
  revision = "1cafe34db7fdec6022e17e00e1c1ea501022f3e4"
  version = "v0.9.0"

[[projects]]
  branch = "master"
  digest = "1:2d5cd61daa5565187e1d96bae64dbbc6080dacf741448e9629c64fd93203b0d4"
  name = "github.com/prometheus/client_model"
  packages = ["go"]
  pruneopts = "NUT"
  revision = "5c3871d89910bfb32f5fcab2aa4b9ec68e65a99f"

[[projects]]
  branch = "master"
  digest = "1:06375f3b602de9c99fa99b8484f0e949fd5273e6e9c6592b5a0dd4cd9085f3ea"
  name = "github.com/prometheus/common"
  packages = [
    "expfmt",
    "internal/bitbucket.org/ww/goautoneg",
    "model",
  ]
  pruneopts = "NUT"
  revision = "7e9e6cabbd393fc208072eedef99188d0ce788b6"

[[projects]]
  branch = "master"
  digest = "1:102dea0c03a915acfc634b7c67f2662012b5483b56d9025e33f5188e112759b6"
  name = "github.com/prometheus/procfs"
  packages = [
    ".",
    "internal/util",
    "nfs",
    "xfs",
  ]
  pruneopts = "NUT"
  revision = "185b4288413d2a0dd0806f78c90dde719829e5ae"

[[projects]]
  branch = "master"
  name = "github.com/russross/blackfriday"
  packages = ["."]
  revision = "11635eb403ff09dbc3a6b5a007ab5ab09151c229"

[[projects]]
  name = "github.com/satori/go.uuid"
  packages = ["."]
  revision = "b061729afc07e77a8aa4fad0a2fd840958f1942a"

[[projects]]
  name = "github.com/sergi/go-diff"
  packages = ["diffmatchpatch"]
  revision = "552b4e9bbdca9e5adafd95ee98c822fdd11b330b"

[[projects]]
  name = "github.com/shurcooL/sanitized_anchor_name"
  packages = ["."]
  revision = "1dba4b3954bc059efc3991ec364f9f9a35f597d2"

[[projects]]
  digest = "1:89fd77d603a74a6540d60067debad9397865bf040955d907362c95d364baeba6"
  name = "github.com/src-d/gcfg"
  packages = [
    ".",
    "scanner",
    "token",
    "types",
  ]
  pruneopts = "NUT"
  revision = "1ac3a1ac202429a54835fe8408a92880156b489d"
  version = "v1.4.0"

[[projects]]
  branch = "master"
  name = "github.com/steveyen/gtreap"
  packages = ["."]
  revision = "0abe01ef9be25c4aedc174758ec2d917314d6d70"

[[projects]]
  name = "github.com/stretchr/testify"
  packages = ["assert"]
  revision = "12b6f73e6084dad08a7c6e575284b177ecafbc71"
  version = "v1.2.1"

[[projects]]
  branch = "master"
  name = "github.com/tinylib/msgp"
  packages = ["msgp"]
  revision = "c8cf64dff2009d53fa8f8a16df54d1cdfc64c4a7"

[[projects]]
  branch = "master"
  name = "github.com/tstranex/u2f"
  packages = ["."]
  revision = "d21a03e0b1d9fc1df59ff54e7a513655c1748b0c"

[[projects]]
  name = "github.com/urfave/cli"
  packages = ["."]
  revision = "d86a009f5e13f83df65d0d6cee9a2e3f1445f0da"

[[projects]]
  branch = "master"
  name = "github.com/willf/bitset"
  packages = ["."]
  revision = "8ce1146b8621c95164efd9c8b1124cfa9b8afb4e"

[[projects]]
  digest = "1:3148cb3478c26a92b4c1a18abb9428234b281e278af6267840721a24b6cbc6a3"
  name = "github.com/xanzy/ssh-agent"
  packages = ["."]
  pruneopts = "NUT"
  revision = "640f0ab560aeb89d523bb6ac322b1244d5c3796c"
  version = "v0.2.0"

[[projects]]
  digest = "1:27d050258a4b19ca3b7a1bf26f4a04c5c66bbf0670b346ee509ebb0ad82257a6"
  name = "github.com/yohcop/openid-go"
  packages = ["."]
  revision = "2c050d2dae5345c417db301f11fda6fbf5ad0f0a"

[[projects]]
  digest = "1:c3d6b9e2cf3936ba9927da2e8858651aad69890b9dd3349f1316b4003b25d7a3"
  name = "golang.org/x/crypto"
  packages = [
    "acme",
    "acme/autocert",
    "cast5",
    "curve25519",
    "ed25519",
    "ed25519/internal/edwards25519",
    "internal/chacha20",
    "md4",
    "openpgp",
    "openpgp/armor",
    "openpgp/elgamal",
    "openpgp/errors",
    "openpgp/packet",
    "openpgp/s2k",
    "pbkdf2",
    "poly1305",
    "ssh",
    "ssh/agent",
    "ssh/knownhosts",
  ]
  revision = "12dd70caea0268ac0d6c2707d0611ef601e7c64e"

[[projects]]
  branch = "master"
  digest = "1:d0a0bdd2b64d981aa4e6a1ade90431d042cd7fa31b584e33d45e62cbfec43380"
  name = "golang.org/x/net"
  packages = [
    "context",
    "context/ctxhttp",
    "html",
    "html/atom",
    "html/charset"
  ]
  pruneopts = "NUT"
  revision = "9b4f9f5ad5197c79fd623a3638e70d8b26cef344"

[[projects]]
  branch = "master"
  digest = "1:274a6321a5a9f185eeb3fab5d7d8397e0e9f57737490d749f562c7e205ffbc2e"
  name = "golang.org/x/oauth2"
  packages = [
    ".",
    "internal"
  ]
  pruneopts = "NUT"
  revision = "c453e0c757598fd055e170a3a359263c91e13153"

[[projects]]
  name = "golang.org/x/sync"
  packages = ["syncmap"]
  revision = "5a06fca2c336a4b2b2fcb45702e8c47621b2aa2c"

[[projects]]
  branch = "master"
  digest = "1:030ca7763285f6cdec5684d7417faa2810d10a508b0220b1487cc876b5c00c35"
  name = "golang.org/x/sys"
  packages = [
    "unix",
    "windows",
    "windows/svc"
  ]
  pruneopts = "NUT"
  revision = "2772b66316d2c587efeb188dcd5ebc6987656e84"

[[projects]]
  name = "golang.org/x/text"
  packages = [
    "encoding",
    "encoding/charmap",
    "encoding/htmlindex",
    "encoding/internal",
    "encoding/internal/identifier",
    "encoding/japanese",
    "encoding/korean",
    "encoding/simplifiedchinese",
    "encoding/traditionalchinese",
    "encoding/unicode",
    "internal/gen",
    "internal/tag",
    "internal/triegen",
    "internal/ucd",
    "internal/utf8internal",
    "language",
    "runes",
    "transform",
    "unicode/cldr",
    "unicode/norm"
  ]
  revision = "2bf8f2a19ec09c670e931282edfe6567f6be21c9"

[[projects]]
  branch = "v3"
  name = "gopkg.in/alexcesaro/quotedprintable.v3"
  packages = ["."]
  revision = "2caba252f4dc53eaf6b553000885530023f54623"

[[projects]]
  name = "gopkg.in/asn1-ber.v1"
  packages = ["."]
  revision = "4e86f4367175e39f69d9358a5f17b4dda270378d"
  version = "v1.1"

[[projects]]
  name = "gopkg.in/bufio.v1"
  packages = ["."]
  revision = "567b2bfa514e796916c4747494d6ff5132a1dfce"
  version = "v1"

[[projects]]
  name = "gopkg.in/editorconfig/editorconfig-core-go.v1"
  packages = ["."]
  revision = "a872f05c2e34b37b567401384d202aff11ba06d4"
  version = "v1.2.0"

[[projects]]
  branch = "v2"
  name = "gopkg.in/gomail.v2"
  packages = ["."]
  revision = "81ebce5c23dfd25c6c67194b37d3dd3f338c98b1"

[[projects]]
  name = "gopkg.in/ini.v1"
  packages = ["."]
  revision = "7e7da451323b6766da368f8a1e8ec9a88a16b4a0"
  version = "v1.31.1"

[[projects]]
  digest = "1:7e1c00b9959544fa1ccca7cf0407a5b29ac6d5201059c4fac6f599cb99bfd24d"
  name = "gopkg.in/ldap.v2"
  packages = ["."]
  pruneopts = "NUT"
  revision = "bb7a9ca6e4fbc2129e3db588a34bc970ffe811a9"
  version = "v2.5.1"

[[projects]]
  name = "gopkg.in/macaron.v1"
  packages = ["."]
  revision = "75f2e9b42e99652f0d82b28ccb73648f44615faa"
  version = "v1.2.4"

[[projects]]
  name = "gopkg.in/redis.v2"
  packages = ["."]
  revision = "e6179049628164864e6e84e973cfb56335748dea"
  version = "v2.3.2"

[[projects]]
  digest = "1:1cf1388ec8c73b7ecc711d9f279ab631ea0a6964d1ccc32809a6be90c33fa2a0"
  name = "gopkg.in/src-d/go-billy.v4"
  packages = [
    ".",
    "helper/chroot",
    "helper/polyfill",
    "osfs",
    "util",
  ]
  pruneopts = "NUT"
  revision = "982626487c60a5252e7d0b695ca23fb0fa2fd670"
  version = "v4.3.0"

[[projects]]
  digest = "1:8a0efb153cc5b7e0e129d716834217be483e2b326e72f3dcca8b03cd3207e9e4"
  name = "gopkg.in/src-d/go-git.v4"
  packages = [
    ".",
    "config",
    "internal/revision",
    "plumbing",
    "plumbing/cache",
    "plumbing/filemode",
    "plumbing/format/config",
    "plumbing/format/diff",
    "plumbing/format/gitignore",
    "plumbing/format/idxfile",
    "plumbing/format/index",
    "plumbing/format/objfile",
    "plumbing/format/packfile",
    "plumbing/format/pktline",
    "plumbing/object",
    "plumbing/protocol/packp",
    "plumbing/protocol/packp/capability",
    "plumbing/protocol/packp/sideband",
    "plumbing/revlist",
    "plumbing/storer",
    "plumbing/transport",
    "plumbing/transport/client",
    "plumbing/transport/file",
    "plumbing/transport/git",
    "plumbing/transport/http",
    "plumbing/transport/internal/common",
    "plumbing/transport/server",
    "plumbing/transport/ssh",
    "storage",
    "storage/filesystem",
    "storage/filesystem/dotgit",
    "storage/memory",
    "utils/binary",
    "utils/diff",
    "utils/ioutil",
    "utils/merkletrie",
    "utils/merkletrie/filesystem",
    "utils/merkletrie/index",
    "utils/merkletrie/internal/frame",
    "utils/merkletrie/noder",
  ]
  pruneopts = "NUT"
  revision = "f62cd8e3495579a8323455fa0c4e6c44bb0d5e09"
  version = "v4.8.0"

[[projects]]
  digest = "1:9c541fc507676a69ea8aaed1af53278a5241d26ce0f192c993fec2ac5b78f795"
  name = "gopkg.in/testfixtures.v2"
  packages = ["."]
  pruneopts = "NUT"
  revision = "fa3fb89109b0b31957a5430cef3e93e535de362b"
  version = "v2.5.0"

[[projects]]
  digest = "1:b233ad4ec87ac916e7bf5e678e98a2cb9e8b52f6de6ad3e11834fc7a71b8e3bf"
  name = "gopkg.in/warnings.v0"
  packages = ["."]
  pruneopts = "NUT"
  revision = "ec4a0fea49c7b46c2aeb0b51aac55779c607e52b"
  version = "v0.1.2"

[[projects]]
  digest = "1:ad6f94355d292690137613735965bd3688844880fdab90eccf66321910344942"
  name = "gopkg.in/yaml.v2"
  packages = ["."]
  revision = "a5b47d31c556af34a302ce5d659e6fea44d90de0"

[[projects]]
  name = "strk.kbt.io/projects/go/libravatar"
  packages = ["."]
  revision = "5eed7bff870ae19ef51c5773dbc8f3e9fcbd0982"

[solve-meta]
  analyzer-name = "dep"
  analyzer-version = 1
  input-imports = [
    "code.gitea.io/git",
    "code.gitea.io/sdk/gitea",
    "github.com/PuerkitoBio/goquery",
    "github.com/Unknwon/cae/zip",
    "github.com/Unknwon/com",
    "github.com/Unknwon/i18n",
    "github.com/Unknwon/paginater",
    "github.com/blevesearch/bleve",
    "github.com/blevesearch/bleve/analysis/analyzer/custom",
    "github.com/blevesearch/bleve/analysis/token/camelcase",
    "github.com/blevesearch/bleve/analysis/token/lowercase",
    "github.com/blevesearch/bleve/analysis/token/unicodenorm",
    "github.com/blevesearch/bleve/analysis/token/unique",
    "github.com/blevesearch/bleve/analysis/tokenizer/unicode",
    "github.com/blevesearch/bleve/index/upsidedown",
    "github.com/blevesearch/bleve/mapping",
    "github.com/blevesearch/bleve/search/query",
    "github.com/chaseadamsio/goorgeous",
    "github.com/denisenkom/go-mssqldb",
    "github.com/dgrijalva/jwt-go",
    "github.com/ethantkoenig/rupture",
    "github.com/facebookgo/grace/gracehttp",
    "github.com/go-macaron/bindata",
    "github.com/go-macaron/binding",
    "github.com/go-macaron/cache",
    "github.com/go-macaron/cache/memcache",
    "github.com/go-macaron/cache/redis",
    "github.com/go-macaron/captcha",
    "github.com/go-macaron/csrf",
    "github.com/go-macaron/gzip",
    "github.com/go-macaron/i18n",
    "github.com/go-macaron/inject",
    "github.com/go-macaron/session",
    "github.com/go-macaron/session/redis",
    "github.com/go-macaron/toolbox",
    "github.com/go-sql-driver/mysql",
    "github.com/go-xorm/builder",
    "github.com/go-xorm/core",
    "github.com/go-xorm/xorm",
    "github.com/gogits/chardet",
    "github.com/gogits/cron",
    "github.com/gorilla/context",
    "github.com/issue9/identicon",
    "github.com/jaytaylor/html2text",
    "github.com/kballard/go-shellquote",
    "github.com/keybase/go-crypto/openpgp",
    "github.com/keybase/go-crypto/openpgp/armor",
    "github.com/keybase/go-crypto/openpgp/packet",
    "github.com/klauspost/compress/gzip",
    "github.com/lafriks/xormstore",
    "github.com/lib/pq",
    "github.com/lunny/dingtalk_webhook",
    "github.com/markbates/goth",
    "github.com/markbates/goth/gothic",
    "github.com/markbates/goth/providers/bitbucket",
    "github.com/markbates/goth/providers/discord",
    "github.com/markbates/goth/providers/dropbox",
    "github.com/markbates/goth/providers/facebook",
    "github.com/markbates/goth/providers/github",
    "github.com/markbates/goth/providers/gitlab",
    "github.com/markbates/goth/providers/gplus",
    "github.com/markbates/goth/providers/openidConnect",
    "github.com/markbates/goth/providers/twitter",
    "github.com/mattn/go-sqlite3",
    "github.com/mcuadros/go-version",
    "github.com/microcosm-cc/bluemonday",
    "github.com/msteinert/pam",
    "github.com/nfnt/resize",
    "github.com/pquerna/otp",
    "github.com/pquerna/otp/totp",
    "github.com/prometheus/client_golang/prometheus",
    "github.com/prometheus/client_golang/prometheus/promhttp",
    "github.com/russross/blackfriday",
    "github.com/satori/go.uuid",
    "github.com/sergi/go-diff/diffmatchpatch",
    "github.com/stretchr/testify/assert",
    "github.com/tstranex/u2f",
    "github.com/urfave/cli",
    "github.com/yohcop/openid-go",
    "golang.org/x/crypto/acme/autocert",
    "golang.org/x/crypto/pbkdf2",
    "golang.org/x/crypto/ssh",
    "golang.org/x/net/html",
    "golang.org/x/net/html/atom",
    "golang.org/x/net/html/charset",
    "golang.org/x/sync/syncmap",
    "golang.org/x/sys/windows/svc",
    "golang.org/x/text/transform",
    "gopkg.in/editorconfig/editorconfig-core-go.v1",
    "gopkg.in/gomail.v2",
    "gopkg.in/ini.v1",
    "gopkg.in/ldap.v2",
    "gopkg.in/macaron.v1",
    "gopkg.in/testfixtures.v2",
    "strk.kbt.io/projects/go/libravatar",
  ]
  solver-name = "gps-cdcl"
  solver-version = 1
